
Microsoft Visual Studio Solution File, Format Version 12.00
# Visual Studio 14
VisualStudioVersion = 14.0.25123.0
MinimumVisualStudioVersion = 10.0.40219.1
Project("{FAE04EC0-301F-11D3-BF4B-00C04F79EFBC}") = "Oshyn.Adyudame.Web", "Oshyn.Adyudame.Web\Oshyn.Adyudame.Web.csproj", "{F3E40954-D6CF-4E15-AF28-F210C2FC8EDE}"
EndProject
Project("{2150E333-8FDC-42A3-9474-1A3956D46DE8}") = "Server", "Server", "{7D796128-4B47-40F1-A5E2-C5FDEDAC3C22}"
EndProject
Project("{2150E333-8FDC-42A3-9474-1A3956D46DE8}") = "Apps", "Apps", "{FC59D83F-03C1-4F68-B4FD-7F905B5BB29A}"
EndProject
Project("{FAE04EC0-301F-11D3-BF4B-00C04F79EFBC}") = "Oshyn.Ayudame.App.Droid", "Oshyn.Ayudame.App\Oshyn.Ayudame.App.Droid\Oshyn.Ayudame.App.Droid.csproj", "{8A22BE05-B345-4F31-B649-A7E17F4357A2}"
EndProject
Project("{FAE04EC0-301F-11D3-BF4B-00C04F79EFBC}") = "Oshyn.Ayudame.App.iOS", "Oshyn.Ayudame.App\Oshyn.Ayudame.App.iOS\Oshyn.Ayudame.App.iOS.csproj", "{E086C8CF-E6DF-4392-9DCA-5BCE40C51F80}"
EndProject
Project("{FAE04EC0-301F-11D3-BF4B-00C04F79EFBC}") = "Oshyn.Ayudame.App.WinPhone", "Oshyn.Ayudame.App\Oshyn.Ayudame.App.WinPhone\Oshyn.Ayudame.App.WinPhone.csproj", "{BDE21399-EF00-4D2B-9617-FE3E46FCF1DB}"
EndProject
Project("{FAE04EC0-301F-11D3-BF4B-00C04F79EFBC}") = "Oshyn.Ayudame.App.UWP", "Oshyn.Ayudame.App\Oshyn.Ayudame.App.UWP\Oshyn.Ayudame.App.UWP.csproj", "{046AA1F0-60F1-4BF9-9684-74C2E00BC5FD}"
EndProject
Project("{FAE04EC0-301F-11D3-BF4B-00C04F79EFBC}") = "Oshyn.Ayudame.App.Windows", "Oshyn.Ayudame.App\Oshyn.Ayudame.App.Windows\Oshyn.Ayudame.App.Windows.csproj", "{374FC3AF-A82C-4ADC-89EC-234122007C3E}"
EndProject
Project("{FAE04EC0-301F-11D3-BF4B-00C04F79EFBC}") = "Oshyn.Ayudame.App", "Oshyn.Ayudame.App\Oshyn.Ayudame.App\Oshyn.Ayudame.App.csproj", "{B5813C2F-6D4B-4002-B53C-FBC6F16F1942}"
EndProject
Project("{FAE04EC0-301F-11D3-BF4B-00C04F79EFBC}") = "Oshyn.Ayudame.Core", "Oshyn.Ayudame.Core\Oshyn.Ayudame.Core.csproj", "{FA0E1225-EFC0-4CE4-BF60-93EC6D6892DA}"
EndProject
Project("{FAE04EC0-301F-11D3-BF4B-00C04F79EFBC}") = "Oshyn.Ayudame.Dal", "Oshyn.Ayudame.Dal\Oshyn.Ayudame.Dal.csproj", "{3BA26BA0-9DD5-48C7-B94F-18759B1F378C}"
EndProject
Project("{2150E333-8FDC-42A3-9474-1A3956D46DE8}") = "Sql", "Sql", "{1F9AB576-2E8A-4B41-9ACA-66E2F80E67EA}"
EndProject
Project("{2150E333-8FDC-42A3-9474-1A3956D46DE8}") = "Tests", "Tests", "{46D9A97F-6334-41AA-ADD1-0A7DFFEA0986}"
EndProject
Project("{FAE04EC0-301F-11D3-BF4B-00C04F79EFBC}") = "Oshyn.Ayudame.Core.Test", "Oshyn.Ayudame.Core.Test\Oshyn.Ayudame.Core.Test.csproj", "{81668B17-FC9C-4A72-BCBF-BC253A52719A}"
EndProject
Global
	GlobalSection(SolutionConfigurationPlatforms) = preSolution
		Ad-Hoc|Any CPU = Ad-Hoc|Any CPU
		Ad-Hoc|ARM = Ad-Hoc|ARM
		Ad-Hoc|iPhone = Ad-Hoc|iPhone
		Ad-Hoc|iPhoneSimulator = Ad-Hoc|iPhoneSimulator
		Ad-Hoc|x64 = Ad-Hoc|x64
		Ad-Hoc|x86 = Ad-Hoc|x86
		AppStore|Any CPU = AppStore|Any CPU
		AppStore|ARM = AppStore|ARM
		AppStore|iPhone = AppStore|iPhone
		AppStore|iPhoneSimulator = AppStore|iPhoneSimulator
		AppStore|x64 = AppStore|x64
		AppStore|x86 = AppStore|x86
		Debug|Any CPU = Debug|Any CPU
		Debug|ARM = Debug|ARM
		Debug|iPhone = Debug|iPhone
		Debug|iPhoneSimulator = Debug|iPhoneSimulator
		Debug|x64 = Debug|x64
		Debug|x86 = Debug|x86
		Release|Any CPU = Release|Any CPU
		Release|ARM = Release|ARM
		Release|iPhone = Release|iPhone
		Release|iPhoneSimulator = Release|iPhoneSimulator
		Release|x64 = Release|x64
		Release|x86 = Release|x86
	EndGlobalSection
	GlobalSection(ProjectConfigurationPlatforms) = postSolution
		{F3E40954-D6CF-4E15-AF28-F210C2FC8EDE}.Ad-Hoc|Any CPU.ActiveCfg = Release|Any CPU
		{F3E40954-D6CF-4E15-AF28-F210C2FC8EDE}.Ad-Hoc|Any CPU.Build.0 = Release|Any CPU
		{F3E40954-D6CF-4E15-AF28-F210C2FC8EDE}.Ad-Hoc|ARM.ActiveCfg = Release|Any CPU
		{F3E40954-D6CF-4E15-AF28-F210C2FC8EDE}.Ad-Hoc|ARM.Build.0 = Release|Any CPU
		{F3E40954-D6CF-4E15-AF28-F210C2FC8EDE}.Ad-Hoc|iPhone.ActiveCfg = Release|Any CPU
		{F3E40954-D6CF-4E15-AF28-F210C2FC8EDE}.Ad-Hoc|iPhone.Build.0 = Release|Any CPU
		{F3E40954-D6CF-4E15-AF28-F210C2FC8EDE}.Ad-Hoc|iPhoneSimulator.ActiveCfg = Release|Any CPU
		{F3E40954-D6CF-4E15-AF28-F210C2FC8EDE}.Ad-Hoc|iPhoneSimulator.Build.0 = Release|Any CPU
		{F3E40954-D6CF-4E15-AF28-F210C2FC8EDE}.Ad-Hoc|x64.ActiveCfg = Release|Any CPU
		{F3E40954-D6CF-4E15-AF28-F210C2FC8EDE}.Ad-Hoc|x64.Build.0 = Release|Any CPU
		{F3E40954-D6CF-4E15-AF28-F210C2FC8EDE}.Ad-Hoc|x86.ActiveCfg = Release|Any CPU
		{F3E40954-D6CF-4E15-AF28-F210C2FC8EDE}.Ad-Hoc|x86.Build.0 = Release|Any CPU
		{F3E40954-D6CF-4E15-AF28-F210C2FC8EDE}.AppStore|Any CPU.ActiveCfg = Release|Any CPU
		{F3E40954-D6CF-4E15-AF28-F210C2FC8EDE}.AppStore|Any CPU.Build.0 = Release|Any CPU
		{F3E40954-D6CF-4E15-AF28-F210C2FC8EDE}.AppStore|ARM.ActiveCfg = Release|Any CPU
		{F3E40954-D6CF-4E15-AF28-F210C2FC8EDE}.AppStore|ARM.Build.0 = Release|Any CPU
		{F3E40954-D6CF-4E15-AF28-F210C2FC8EDE}.AppStore|iPhone.ActiveCfg = Release|Any CPU
		{F3E40954-D6CF-4E15-AF28-F210C2FC8EDE}.AppStore|iPhone.Build.0 = Release|Any CPU
		{F3E40954-D6CF-4E15-AF28-F210C2FC8EDE}.AppStore|iPhoneSimulator.ActiveCfg = Release|Any CPU
		{F3E40954-D6CF-4E15-AF28-F210C2FC8EDE}.AppStore|iPhoneSimulator.Build.0 = Release|Any CPU
		{F3E40954-D6CF-4E15-AF28-F210C2FC8EDE}.AppStore|x64.ActiveCfg = Release|Any CPU
		{F3E40954-D6CF-4E15-AF28-F210C2FC8EDE}.AppStore|x64.Build.0 = Release|Any CPU
		{F3E40954-D6CF-4E15-AF28-F210C2FC8EDE}.AppStore|x86.ActiveCfg = Release|Any CPU
		{F3E40954-D6CF-4E15-AF28-F210C2FC8EDE}.AppStore|x86.Build.0 = Release|Any CPU
		{F3E40954-D6CF-4E15-AF28-F210C2FC8EDE}.Debug|Any CPU.ActiveCfg = Debug|Any CPU
		{F3E40954-D6CF-4E15-AF28-F210C2FC8EDE}.Debug|Any CPU.Build.0 = Debug|Any CPU
		{F3E40954-D6CF-4E15-AF28-F210C2FC8EDE}.Debug|ARM.ActiveCfg = Debug|Any CPU
		{F3E40954-D6CF-4E15-AF28-F210C2FC8EDE}.Debug|ARM.Build.0 = Debug|Any CPU
		{F3E40954-D6CF-4E15-AF28-F210C2FC8EDE}.Debug|iPhone.ActiveCfg = Debug|Any CPU
		{F3E40954-D6CF-4E15-AF28-F210C2FC8EDE}.Debug|iPhone.Build.0 = Debug|Any CPU
		{F3E40954-D6CF-4E15-AF28-F210C2FC8EDE}.Debug|iPhoneSimulator.ActiveCfg = Debug|Any CPU
		{F3E40954-D6CF-4E15-AF28-F210C2FC8EDE}.Debug|iPhoneSimulator.Build.0 = Debug|Any CPU
		{F3E40954-D6CF-4E15-AF28-F210C2FC8EDE}.Debug|x64.ActiveCfg = Debug|Any CPU
		{F3E40954-D6CF-4E15-AF28-F210C2FC8EDE}.Debug|x64.Build.0 = Debug|Any CPU
		{F3E40954-D6CF-4E15-AF28-F210C2FC8EDE}.Debug|x86.ActiveCfg = Debug|Any CPU
		{F3E40954-D6CF-4E15-AF28-F210C2FC8EDE}.Debug|x86.Build.0 = Debug|Any CPU
		{F3E40954-D6CF-4E15-AF28-F210C2FC8EDE}.Release|Any CPU.ActiveCfg = Release|Any CPU
		{F3E40954-D6CF-4E15-AF28-F210C2FC8EDE}.Release|Any CPU.Build.0 = Release|Any CPU
		{F3E40954-D6CF-4E15-AF28-F210C2FC8EDE}.Release|ARM.ActiveCfg = Release|Any CPU
		{F3E40954-D6CF-4E15-AF28-F210C2FC8EDE}.Release|ARM.Build.0 = Release|Any CPU
		{F3E40954-D6CF-4E15-AF28-F210C2FC8EDE}.Release|iPhone.ActiveCfg = Release|Any CPU
		{F3E40954-D6CF-4E15-AF28-F210C2FC8EDE}.Release|iPhone.Build.0 = Release|Any CPU
		{F3E40954-D6CF-4E15-AF28-F210C2FC8EDE}.Release|iPhoneSimulator.ActiveCfg = Release|Any CPU
		{F3E40954-D6CF-4E15-AF28-F210C2FC8EDE}.Release|iPhoneSimulator.Build.0 = Release|Any CPU
		{F3E40954-D6CF-4E15-AF28-F210C2FC8EDE}.Release|x64.ActiveCfg = Release|Any CPU
		{F3E40954-D6CF-4E15-AF28-F210C2FC8EDE}.Release|x64.Build.0 = Release|Any CPU
		{F3E40954-D6CF-4E15-AF28-F210C2FC8EDE}.Release|x86.ActiveCfg = Release|Any CPU
		{F3E40954-D6CF-4E15-AF28-F210C2FC8EDE}.Release|x86.Build.0 = Release|Any CPU
		{8A22BE05-B345-4F31-B649-A7E17F4357A2}.Ad-Hoc|Any CPU.ActiveCfg = Release|Any CPU
		{8A22BE05-B345-4F31-B649-A7E17F4357A2}.Ad-Hoc|Any CPU.Build.0 = Release|Any CPU
		{8A22BE05-B345-4F31-B649-A7E17F4357A2}.Ad-Hoc|Any CPU.Deploy.0 = Release|Any CPU
		{8A22BE05-B345-4F31-B649-A7E17F4357A2}.Ad-Hoc|ARM.ActiveCfg = Release|Any CPU
		{8A22BE05-B345-4F31-B649-A7E17F4357A2}.Ad-Hoc|ARM.Build.0 = Release|Any CPU
		{8A22BE05-B345-4F31-B649-A7E17F4357A2}.Ad-Hoc|ARM.Deploy.0 = Release|Any CPU
		{8A22BE05-B345-4F31-B649-A7E17F4357A2}.Ad-Hoc|iPhone.ActiveCfg = Release|Any CPU
		{8A22BE05-B345-4F31-B649-A7E17F4357A2}.Ad-Hoc|iPhone.Build.0 = Release|Any CPU
		{8A22BE05-B345-4F31-B649-A7E17F4357A2}.Ad-Hoc|iPhone.Deploy.0 = Release|Any CPU
		{8A22BE05-B345-4F31-B649-A7E17F4357A2}.Ad-Hoc|iPhoneSimulator.ActiveCfg = Release|Any CPU
		{8A22BE05-B345-4F31-B649-A7E17F4357A2}.Ad-Hoc|iPhoneSimulator.Build.0 = Release|Any CPU
		{8A22BE05-B345-4F31-B649-A7E17F4357A2}.Ad-Hoc|iPhoneSimulator.Deploy.0 = Release|Any CPU
		{8A22BE05-B345-4F31-B649-A7E17F4357A2}.Ad-Hoc|x64.ActiveCfg = Release|Any CPU
		{8A22BE05-B345-4F31-B649-A7E17F4357A2}.Ad-Hoc|x64.Build.0 = Release|Any CPU
		{8A22BE05-B345-4F31-B649-A7E17F4357A2}.Ad-Hoc|x64.Deploy.0 = Release|Any CPU
		{8A22BE05-B345-4F31-B649-A7E17F4357A2}.Ad-Hoc|x86.ActiveCfg = Release|Any CPU
		{8A22BE05-B345-4F31-B649-A7E17F4357A2}.Ad-Hoc|x86.Build.0 = Release|Any CPU
		{8A22BE05-B345-4F31-B649-A7E17F4357A2}.Ad-Hoc|x86.Deploy.0 = Release|Any CPU
		{8A22BE05-B345-4F31-B649-A7E17F4357A2}.AppStore|Any CPU.ActiveCfg = Release|Any CPU
		{8A22BE05-B345-4F31-B649-A7E17F4357A2}.AppStore|Any CPU.Build.0 = Release|Any CPU
		{8A22BE05-B345-4F31-B649-A7E17F4357A2}.AppStore|Any CPU.Deploy.0 = Release|Any CPU
		{8A22BE05-B345-4F31-B649-A7E17F4357A2}.AppStore|ARM.ActiveCfg = Release|Any CPU
		{8A22BE05-B345-4F31-B649-A7E17F4357A2}.AppStore|ARM.Build.0 = Release|Any CPU
		{8A22BE05-B345-4F31-B649-A7E17F4357A2}.AppStore|ARM.Deploy.0 = Release|Any CPU
		{8A22BE05-B345-4F31-B649-A7E17F4357A2}.AppStore|iPhone.ActiveCfg = Release|Any CPU
		{8A22BE05-B345-4F31-B649-A7E17F4357A2}.AppStore|iPhone.Build.0 = Release|Any CPU
		{8A22BE05-B345-4F31-B649-A7E17F4357A2}.AppStore|iPhone.Deploy.0 = Release|Any CPU
		{8A22BE05-B345-4F31-B649-A7E17F4357A2}.AppStore|iPhoneSimulator.ActiveCfg = Release|Any CPU
		{8A22BE05-B345-4F31-B649-A7E17F4357A2}.AppStore|iPhoneSimulator.Build.0 = Release|Any CPU
		{8A22BE05-B345-4F31-B649-A7E17F4357A2}.AppStore|iPhoneSimulator.Deploy.0 = Release|Any CPU
		{8A22BE05-B345-4F31-B649-A7E17F4357A2}.AppStore|x64.ActiveCfg = Release|Any CPU
		{8A22BE05-B345-4F31-B649-A7E17F4357A2}.AppStore|x64.Build.0 = Release|Any CPU
		{8A22BE05-B345-4F31-B649-A7E17F4357A2}.AppStore|x64.Deploy.0 = Release|Any CPU
		{8A22BE05-B345-4F31-B649-A7E17F4357A2}.AppStore|x86.ActiveCfg = Release|Any CPU
		{8A22BE05-B345-4F31-B649-A7E17F4357A2}.AppStore|x86.Build.0 = Release|Any CPU
		{8A22BE05-B345-4F31-B649-A7E17F4357A2}.AppStore|x86.Deploy.0 = Release|Any CPU
		{8A22BE05-B345-4F31-B649-A7E17F4357A2}.Debug|Any CPU.ActiveCfg = Debug|Any CPU
		{8A22BE05-B345-4F31-B649-A7E17F4357A2}.Debug|Any CPU.Build.0 = Debug|Any CPU
		{8A22BE05-B345-4F31-B649-A7E17F4357A2}.Debug|Any CPU.Deploy.0 = Debug|Any CPU
		{8A22BE05-B345-4F31-B649-A7E17F4357A2}.Debug|ARM.ActiveCfg = Debug|Any CPU
		{8A22BE05-B345-4F31-B649-A7E17F4357A2}.Debug|ARM.Build.0 = Debug|Any CPU
		{8A22BE05-B345-4F31-B649-A7E17F4357A2}.Debug|ARM.Deploy.0 = Debug|Any CPU
		{8A22BE05-B345-4F31-B649-A7E17F4357A2}.Debug|iPhone.ActiveCfg = Debug|Any CPU
		{8A22BE05-B345-4F31-B649-A7E17F4357A2}.Debug|iPhone.Build.0 = Debug|Any CPU
		{8A22BE05-B345-4F31-B649-A7E17F4357A2}.Debug|iPhone.Deploy.0 = Debug|Any CPU
		{8A22BE05-B345-4F31-B649-A7E17F4357A2}.Debug|iPhoneSimulator.ActiveCfg = Debug|Any CPU
		{8A22BE05-B345-4F31-B649-A7E17F4357A2}.Debug|iPhoneSimulator.Build.0 = Debug|Any CPU
		{8A22BE05-B345-4F31-B649-A7E17F4357A2}.Debug|iPhoneSimulator.Deploy.0 = Debug|Any CPU
		{8A22BE05-B345-4F31-B649-A7E17F4357A2}.Debug|x64.ActiveCfg = Debug|Any CPU
		{8A22BE05-B345-4F31-B649-A7E17F4357A2}.Debug|x64.Build.0 = Debug|Any CPU
		{8A22BE05-B345-4F31-B649-A7E17F4357A2}.Debug|x64.Deploy.0 = Debug|Any CPU
		{8A22BE05-B345-4F31-B649-A7E17F4357A2}.Debug|x86.ActiveCfg = Debug|Any CPU
		{8A22BE05-B345-4F31-B649-A7E17F4357A2}.Debug|x86.Build.0 = Debug|Any CPU
		{8A22BE05-B345-4F31-B649-A7E17F4357A2}.Debug|x86.Deploy.0 = Debug|Any CPU
		{8A22BE05-B345-4F31-B649-A7E17F4357A2}.Release|Any CPU.ActiveCfg = Release|Any CPU
		{8A22BE05-B345-4F31-B649-A7E17F4357A2}.Release|Any CPU.Build.0 = Release|Any CPU
		{8A22BE05-B345-4F31-B649-A7E17F4357A2}.Release|Any CPU.Deploy.0 = Release|Any CPU
		{8A22BE05-B345-4F31-B649-A7E17F4357A2}.Release|ARM.ActiveCfg = Release|Any CPU
		{8A22BE05-B345-4F31-B649-A7E17F4357A2}.Release|ARM.Build.0 = Release|Any CPU
		{8A22BE05-B345-4F31-B649-A7E17F4357A2}.Release|ARM.Deploy.0 = Release|Any CPU
		{8A22BE05-B345-4F31-B649-A7E17F4357A2}.Release|iPhone.ActiveCfg = Release|Any CPU
		{8A22BE05-B345-4F31-B649-A7E17F4357A2}.Release|iPhone.Build.0 = Release|Any CPU
		{8A22BE05-B345-4F31-B649-A7E17F4357A2}.Release|iPhone.Deploy.0 = Release|Any CPU
		{8A22BE05-B345-4F31-B649-A7E17F4357A2}.Release|iPhoneSimulator.ActiveCfg = Release|Any CPU
		{8A22BE05-B345-4F31-B649-A7E17F4357A2}.Release|iPhoneSimulator.Build.0 = Release|Any CPU
		{8A22BE05-B345-4F31-B649-A7E17F4357A2}.Release|iPhoneSimulator.Deploy.0 = Release|Any CPU
		{8A22BE05-B345-4F31-B649-A7E17F4357A2}.Release|x64.ActiveCfg = Release|Any CPU
		{8A22BE05-B345-4F31-B649-A7E17F4357A2}.Release|x64.Build.0 = Release|Any CPU
		{8A22BE05-B345-4F31-B649-A7E17F4357A2}.Release|x64.Deploy.0 = Release|Any CPU
		{8A22BE05-B345-4F31-B649-A7E17F4357A2}.Release|x86.ActiveCfg = Release|Any CPU
		{8A22BE05-B345-4F31-B649-A7E17F4357A2}.Release|x86.Build.0 = Release|Any CPU
		{8A22BE05-B345-4F31-B649-A7E17F4357A2}.Release|x86.Deploy.0 = Release|Any CPU
		{E086C8CF-E6DF-4392-9DCA-5BCE40C51F80}.Ad-Hoc|Any CPU.ActiveCfg = Ad-Hoc|iPhone
		{E086C8CF-E6DF-4392-9DCA-5BCE40C51F80}.Ad-Hoc|ARM.ActiveCfg = Ad-Hoc|iPhone
		{E086C8CF-E6DF-4392-9DCA-5BCE40C51F80}.Ad-Hoc|iPhone.ActiveCfg = Ad-Hoc|iPhone
		{E086C8CF-E6DF-4392-9DCA-5BCE40C51F80}.Ad-Hoc|iPhone.Build.0 = Ad-Hoc|iPhone
		{E086C8CF-E6DF-4392-9DCA-5BCE40C51F80}.Ad-Hoc|iPhoneSimulator.ActiveCfg = Ad-Hoc|iPhoneSimulator
		{E086C8CF-E6DF-4392-9DCA-5BCE40C51F80}.Ad-Hoc|iPhoneSimulator.Build.0 = Ad-Hoc|iPhoneSimulator
		{E086C8CF-E6DF-4392-9DCA-5BCE40C51F80}.Ad-Hoc|x64.ActiveCfg = Ad-Hoc|iPhone
		{E086C8CF-E6DF-4392-9DCA-5BCE40C51F80}.Ad-Hoc|x86.ActiveCfg = Ad-Hoc|iPhone
		{E086C8CF-E6DF-4392-9DCA-5BCE40C51F80}.AppStore|Any CPU.ActiveCfg = AppStore|iPhone
		{E086C8CF-E6DF-4392-9DCA-5BCE40C51F80}.AppStore|ARM.ActiveCfg = AppStore|iPhone
		{E086C8CF-E6DF-4392-9DCA-5BCE40C51F80}.AppStore|iPhone.ActiveCfg = AppStore|iPhone
		{E086C8CF-E6DF-4392-9DCA-5BCE40C51F80}.AppStore|iPhone.Build.0 = AppStore|iPhone
		{E086C8CF-E6DF-4392-9DCA-5BCE40C51F80}.AppStore|iPhoneSimulator.ActiveCfg = AppStore|iPhoneSimulator
		{E086C8CF-E6DF-4392-9DCA-5BCE40C51F80}.AppStore|iPhoneSimulator.Build.0 = AppStore|iPhoneSimulator
		{E086C8CF-E6DF-4392-9DCA-5BCE40C51F80}.AppStore|x64.ActiveCfg = AppStore|iPhone
		{E086C8CF-E6DF-4392-9DCA-5BCE40C51F80}.AppStore|x86.ActiveCfg = AppStore|iPhone
		{E086C8CF-E6DF-4392-9DCA-5BCE40C51F80}.Debug|Any CPU.ActiveCfg = Debug|iPhone
		{E086C8CF-E6DF-4392-9DCA-5BCE40C51F80}.Debug|ARM.ActiveCfg = Debug|iPhone
		{E086C8CF-E6DF-4392-9DCA-5BCE40C51F80}.Debug|iPhone.ActiveCfg = Debug|iPhone
		{E086C8CF-E6DF-4392-9DCA-5BCE40C51F80}.Debug|iPhone.Build.0 = Debug|iPhone
		{E086C8CF-E6DF-4392-9DCA-5BCE40C51F80}.Debug|iPhoneSimulator.ActiveCfg = Debug|iPhoneSimulator
		{E086C8CF-E6DF-4392-9DCA-5BCE40C51F80}.Debug|iPhoneSimulator.Build.0 = Debug|iPhoneSimulator
		{E086C8CF-E6DF-4392-9DCA-5BCE40C51F80}.Debug|x64.ActiveCfg = Debug|iPhone
		{E086C8CF-E6DF-4392-9DCA-5BCE40C51F80}.Debug|x86.ActiveCfg = Debug|iPhone
		{E086C8CF-E6DF-4392-9DCA-5BCE40C51F80}.Release|Any CPU.ActiveCfg = Release|iPhone
		{E086C8CF-E6DF-4392-9DCA-5BCE40C51F80}.Release|ARM.ActiveCfg = Release|iPhone
		{E086C8CF-E6DF-4392-9DCA-5BCE40C51F80}.Release|iPhone.ActiveCfg = Release|iPhone
		{E086C8CF-E6DF-4392-9DCA-5BCE40C51F80}.Release|iPhone.Build.0 = Release|iPhone
		{E086C8CF-E6DF-4392-9DCA-5BCE40C51F80}.Release|iPhoneSimulator.ActiveCfg = Release|iPhoneSimulator
		{E086C8CF-E6DF-4392-9DCA-5BCE40C51F80}.Release|iPhoneSimulator.Build.0 = Release|iPhoneSimulator
		{E086C8CF-E6DF-4392-9DCA-5BCE40C51F80}.Release|x64.ActiveCfg = Release|iPhone
		{E086C8CF-E6DF-4392-9DCA-5BCE40C51F80}.Release|x86.ActiveCfg = Release|iPhone
		{BDE21399-EF00-4D2B-9617-FE3E46FCF1DB}.Ad-Hoc|Any CPU.ActiveCfg = Release|Any CPU
		{BDE21399-EF00-4D2B-9617-FE3E46FCF1DB}.Ad-Hoc|Any CPU.Build.0 = Release|Any CPU
		{BDE21399-EF00-4D2B-9617-FE3E46FCF1DB}.Ad-Hoc|Any CPU.Deploy.0 = Release|Any CPU
		{BDE21399-EF00-4D2B-9617-FE3E46FCF1DB}.Ad-Hoc|ARM.ActiveCfg = Release|ARM
		{BDE21399-EF00-4D2B-9617-FE3E46FCF1DB}.Ad-Hoc|ARM.Build.0 = Release|ARM
		{BDE21399-EF00-4D2B-9617-FE3E46FCF1DB}.Ad-Hoc|ARM.Deploy.0 = Release|ARM
		{BDE21399-EF00-4D2B-9617-FE3E46FCF1DB}.Ad-Hoc|iPhone.ActiveCfg = Release|Any CPU
		{BDE21399-EF00-4D2B-9617-FE3E46FCF1DB}.Ad-Hoc|iPhone.Build.0 = Release|Any CPU
		{BDE21399-EF00-4D2B-9617-FE3E46FCF1DB}.Ad-Hoc|iPhone.Deploy.0 = Release|Any CPU
		{BDE21399-EF00-4D2B-9617-FE3E46FCF1DB}.Ad-Hoc|iPhoneSimulator.ActiveCfg = Release|Any CPU
		{BDE21399-EF00-4D2B-9617-FE3E46FCF1DB}.Ad-Hoc|iPhoneSimulator.Build.0 = Release|Any CPU
		{BDE21399-EF00-4D2B-9617-FE3E46FCF1DB}.Ad-Hoc|iPhoneSimulator.Deploy.0 = Release|Any CPU
		{BDE21399-EF00-4D2B-9617-FE3E46FCF1DB}.Ad-Hoc|x64.ActiveCfg = Release|Any CPU
		{BDE21399-EF00-4D2B-9617-FE3E46FCF1DB}.Ad-Hoc|x64.Build.0 = Release|Any CPU
		{BDE21399-EF00-4D2B-9617-FE3E46FCF1DB}.Ad-Hoc|x64.Deploy.0 = Release|Any CPU
		{BDE21399-EF00-4D2B-9617-FE3E46FCF1DB}.Ad-Hoc|x86.ActiveCfg = Release|x86
		{BDE21399-EF00-4D2B-9617-FE3E46FCF1DB}.Ad-Hoc|x86.Build.0 = Release|x86
		{BDE21399-EF00-4D2B-9617-FE3E46FCF1DB}.Ad-Hoc|x86.Deploy.0 = Release|x86
		{BDE21399-EF00-4D2B-9617-FE3E46FCF1DB}.AppStore|Any CPU.ActiveCfg = Release|Any CPU
		{BDE21399-EF00-4D2B-9617-FE3E46FCF1DB}.AppStore|Any CPU.Build.0 = Release|Any CPU
		{BDE21399-EF00-4D2B-9617-FE3E46FCF1DB}.AppStore|Any CPU.Deploy.0 = Release|Any CPU
		{BDE21399-EF00-4D2B-9617-FE3E46FCF1DB}.AppStore|ARM.ActiveCfg = Release|ARM
		{BDE21399-EF00-4D2B-9617-FE3E46FCF1DB}.AppStore|ARM.Build.0 = Release|ARM
		{BDE21399-EF00-4D2B-9617-FE3E46FCF1DB}.AppStore|ARM.Deploy.0 = Release|ARM
		{BDE21399-EF00-4D2B-9617-FE3E46FCF1DB}.AppStore|iPhone.ActiveCfg = Release|Any CPU
		{BDE21399-EF00-4D2B-9617-FE3E46FCF1DB}.AppStore|iPhone.Build.0 = Release|Any CPU
		{BDE21399-EF00-4D2B-9617-FE3E46FCF1DB}.AppStore|iPhone.Deploy.0 = Release|Any CPU
		{BDE21399-EF00-4D2B-9617-FE3E46FCF1DB}.AppStore|iPhoneSimulator.ActiveCfg = Release|Any CPU
		{BDE21399-EF00-4D2B-9617-FE3E46FCF1DB}.AppStore|iPhoneSimulator.Build.0 = Release|Any CPU
		{BDE21399-EF00-4D2B-9617-FE3E46FCF1DB}.AppStore|iPhoneSimulator.Deploy.0 = Release|Any CPU
		{BDE21399-EF00-4D2B-9617-FE3E46FCF1DB}.AppStore|x64.ActiveCfg = Release|Any CPU
		{BDE21399-EF00-4D2B-9617-FE3E46FCF1DB}.AppStore|x64.Build.0 = Release|Any CPU
		{BDE21399-EF00-4D2B-9617-FE3E46FCF1DB}.AppStore|x64.Deploy.0 = Release|Any CPU
		{BDE21399-EF00-4D2B-9617-FE3E46FCF1DB}.AppStore|x86.ActiveCfg = Release|x86
		{BDE21399-EF00-4D2B-9617-FE3E46FCF1DB}.AppStore|x86.Build.0 = Release|x86
		{BDE21399-EF00-4D2B-9617-FE3E46FCF1DB}.AppStore|x86.Deploy.0 = Release|x86
		{BDE21399-EF00-4D2B-9617-FE3E46FCF1DB}.Debug|Any CPU.ActiveCfg = Debug|Any CPU
		{BDE21399-EF00-4D2B-9617-FE3E46FCF1DB}.Debug|Any CPU.Build.0 = Debug|Any CPU
		{BDE21399-EF00-4D2B-9617-FE3E46FCF1DB}.Debug|Any CPU.Deploy.0 = Debug|Any CPU
		{BDE21399-EF00-4D2B-9617-FE3E46FCF1DB}.Debug|ARM.ActiveCfg = Debug|ARM
		{BDE21399-EF00-4D2B-9617-FE3E46FCF1DB}.Debug|ARM.Build.0 = Debug|ARM
		{BDE21399-EF00-4D2B-9617-FE3E46FCF1DB}.Debug|ARM.Deploy.0 = Debug|ARM
		{BDE21399-EF00-4D2B-9617-FE3E46FCF1DB}.Debug|iPhone.ActiveCfg = Debug|Any CPU
		{BDE21399-EF00-4D2B-9617-FE3E46FCF1DB}.Debug|iPhone.Build.0 = Debug|Any CPU
		{BDE21399-EF00-4D2B-9617-FE3E46FCF1DB}.Debug|iPhone.Deploy.0 = Debug|Any CPU
		{BDE21399-EF00-4D2B-9617-FE3E46FCF1DB}.Debug|iPhoneSimulator.ActiveCfg = Debug|Any CPU
		{BDE21399-EF00-4D2B-9617-FE3E46FCF1DB}.Debug|iPhoneSimulator.Build.0 = Debug|Any CPU
		{BDE21399-EF00-4D2B-9617-FE3E46FCF1DB}.Debug|iPhoneSimulator.Deploy.0 = Debug|Any CPU
		{BDE21399-EF00-4D2B-9617-FE3E46FCF1DB}.Debug|x64.ActiveCfg = Debug|Any CPU
		{BDE21399-EF00-4D2B-9617-FE3E46FCF1DB}.Debug|x64.Build.0 = Debug|Any CPU
		{BDE21399-EF00-4D2B-9617-FE3E46FCF1DB}.Debug|x64.Deploy.0 = Debug|Any CPU
		{BDE21399-EF00-4D2B-9617-FE3E46FCF1DB}.Debug|x86.ActiveCfg = Debug|x86
		{BDE21399-EF00-4D2B-9617-FE3E46FCF1DB}.Debug|x86.Build.0 = Debug|x86
		{BDE21399-EF00-4D2B-9617-FE3E46FCF1DB}.Debug|x86.Deploy.0 = Debug|x86
		{BDE21399-EF00-4D2B-9617-FE3E46FCF1DB}.Release|Any CPU.ActiveCfg = Release|Any CPU
		{BDE21399-EF00-4D2B-9617-FE3E46FCF1DB}.Release|Any CPU.Build.0 = Release|Any CPU
		{BDE21399-EF00-4D2B-9617-FE3E46FCF1DB}.Release|Any CPU.Deploy.0 = Release|Any CPU
		{BDE21399-EF00-4D2B-9617-FE3E46FCF1DB}.Release|ARM.ActiveCfg = Release|ARM
		{BDE21399-EF00-4D2B-9617-FE3E46FCF1DB}.Release|ARM.Build.0 = Release|ARM
		{BDE21399-EF00-4D2B-9617-FE3E46FCF1DB}.Release|ARM.Deploy.0 = Release|ARM
		{BDE21399-EF00-4D2B-9617-FE3E46FCF1DB}.Release|iPhone.ActiveCfg = Release|Any CPU
		{BDE21399-EF00-4D2B-9617-FE3E46FCF1DB}.Release|iPhone.Build.0 = Release|Any CPU
		{BDE21399-EF00-4D2B-9617-FE3E46FCF1DB}.Release|iPhone.Deploy.0 = Release|Any CPU
		{BDE21399-EF00-4D2B-9617-FE3E46FCF1DB}.Release|iPhoneSimulator.ActiveCfg = Release|Any CPU
		{BDE21399-EF00-4D2B-9617-FE3E46FCF1DB}.Release|iPhoneSimulator.Build.0 = Release|Any CPU
		{BDE21399-EF00-4D2B-9617-FE3E46FCF1DB}.Release|iPhoneSimulator.Deploy.0 = Release|Any CPU
		{BDE21399-EF00-4D2B-9617-FE3E46FCF1DB}.Release|x64.ActiveCfg = Release|Any CPU
		{BDE21399-EF00-4D2B-9617-FE3E46FCF1DB}.Release|x64.Build.0 = Release|Any CPU
		{BDE21399-EF00-4D2B-9617-FE3E46FCF1DB}.Release|x64.Deploy.0 = Release|Any CPU
		{BDE21399-EF00-4D2B-9617-FE3E46FCF1DB}.Release|x86.ActiveCfg = Release|x86
		{BDE21399-EF00-4D2B-9617-FE3E46FCF1DB}.Release|x86.Build.0 = Release|x86
		{BDE21399-EF00-4D2B-9617-FE3E46FCF1DB}.Release|x86.Deploy.0 = Release|x86
		{046AA1F0-60F1-4BF9-9684-74C2E00BC5FD}.Ad-Hoc|Any CPU.ActiveCfg = Release|x86
		{046AA1F0-60F1-4BF9-9684-74C2E00BC5FD}.Ad-Hoc|Any CPU.Build.0 = Release|x86
		{046AA1F0-60F1-4BF9-9684-74C2E00BC5FD}.Ad-Hoc|Any CPU.Deploy.0 = Release|x86
		{046AA1F0-60F1-4BF9-9684-74C2E00BC5FD}.Ad-Hoc|ARM.ActiveCfg = Release|ARM
		{046AA1F0-60F1-4BF9-9684-74C2E00BC5FD}.Ad-Hoc|ARM.Build.0 = Release|ARM
		{046AA1F0-60F1-4BF9-9684-74C2E00BC5FD}.Ad-Hoc|ARM.Deploy.0 = Release|ARM
		{046AA1F0-60F1-4BF9-9684-74C2E00BC5FD}.Ad-Hoc|iPhone.ActiveCfg = Release|x86
		{046AA1F0-60F1-4BF9-9684-74C2E00BC5FD}.Ad-Hoc|iPhone.Build.0 = Release|x86
		{046AA1F0-60F1-4BF9-9684-74C2E00BC5FD}.Ad-Hoc|iPhone.Deploy.0 = Release|x86
		{046AA1F0-60F1-4BF9-9684-74C2E00BC5FD}.Ad-Hoc|iPhoneSimulator.ActiveCfg = Release|x86
		{046AA1F0-60F1-4BF9-9684-74C2E00BC5FD}.Ad-Hoc|iPhoneSimulator.Build.0 = Release|x86
		{046AA1F0-60F1-4BF9-9684-74C2E00BC5FD}.Ad-Hoc|iPhoneSimulator.Deploy.0 = Release|x86
		{046AA1F0-60F1-4BF9-9684-74C2E00BC5FD}.Ad-Hoc|x64.ActiveCfg = Release|x64
		{046AA1F0-60F1-4BF9-9684-74C2E00BC5FD}.Ad-Hoc|x64.Build.0 = Release|x64
		{046AA1F0-60F1-4BF9-9684-74C2E00BC5FD}.Ad-Hoc|x64.Deploy.0 = Release|x64
		{046AA1F0-60F1-4BF9-9684-74C2E00BC5FD}.Ad-Hoc|x86.ActiveCfg = Release|x86
		{046AA1F0-60F1-4BF9-9684-74C2E00BC5FD}.Ad-Hoc|x86.Build.0 = Release|x86
		{046AA1F0-60F1-4BF9-9684-74C2E00BC5FD}.Ad-Hoc|x86.Deploy.0 = Release|x86
		{046AA1F0-60F1-4BF9-9684-74C2E00BC5FD}.AppStore|Any CPU.ActiveCfg = Release|x86
		{046AA1F0-60F1-4BF9-9684-74C2E00BC5FD}.AppStore|Any CPU.Build.0 = Release|x86
		{046AA1F0-60F1-4BF9-9684-74C2E00BC5FD}.AppStore|Any CPU.Deploy.0 = Release|x86
		{046AA1F0-60F1-4BF9-9684-74C2E00BC5FD}.AppStore|ARM.ActiveCfg = Release|ARM
		{046AA1F0-60F1-4BF9-9684-74C2E00BC5FD}.AppStore|ARM.Build.0 = Release|ARM
		{046AA1F0-60F1-4BF9-9684-74C2E00BC5FD}.AppStore|ARM.Deploy.0 = Release|ARM
		{046AA1F0-60F1-4BF9-9684-74C2E00BC5FD}.AppStore|iPhone.ActiveCfg = Release|x86
		{046AA1F0-60F1-4BF9-9684-74C2E00BC5FD}.AppStore|iPhone.Build.0 = Release|x86
		{046AA1F0-60F1-4BF9-9684-74C2E00BC5FD}.AppStore|iPhone.Deploy.0 = Release|x86
		{046AA1F0-60F1-4BF9-9684-74C2E00BC5FD}.AppStore|iPhoneSimulator.ActiveCfg = Release|x86
		{046AA1F0-60F1-4BF9-9684-74C2E00BC5FD}.AppStore|iPhoneSimulator.Build.0 = Release|x86
		{046AA1F0-60F1-4BF9-9684-74C2E00BC5FD}.AppStore|iPhoneSimulator.Deploy.0 = Release|x86
		{046AA1F0-60F1-4BF9-9684-74C2E00BC5FD}.AppStore|x64.ActiveCfg = Release|x64
		{046AA1F0-60F1-4BF9-9684-74C2E00BC5FD}.AppStore|x64.Build.0 = Release|x64
		{046AA1F0-60F1-4BF9-9684-74C2E00BC5FD}.AppStore|x64.Deploy.0 = Release|x64
		{046AA1F0-60F1-4BF9-9684-74C2E00BC5FD}.AppStore|x86.ActiveCfg = Release|x86
		{046AA1F0-60F1-4BF9-9684-74C2E00BC5FD}.AppStore|x86.Build.0 = Release|x86
		{046AA1F0-60F1-4BF9-9684-74C2E00BC5FD}.AppStore|x86.Deploy.0 = Release|x86
		{046AA1F0-60F1-4BF9-9684-74C2E00BC5FD}.Debug|Any CPU.ActiveCfg = Debug|x86
		{046AA1F0-60F1-4BF9-9684-74C2E00BC5FD}.Debug|ARM.ActiveCfg = Debug|ARM
		{046AA1F0-60F1-4BF9-9684-74C2E00BC5FD}.Debug|ARM.Build.0 = Debug|ARM
		{046AA1F0-60F1-4BF9-9684-74C2E00BC5FD}.Debug|ARM.Deploy.0 = Debug|ARM
		{046AA1F0-60F1-4BF9-9684-74C2E00BC5FD}.Debug|iPhone.ActiveCfg = Debug|x86
		{046AA1F0-60F1-4BF9-9684-74C2E00BC5FD}.Debug|iPhoneSimulator.ActiveCfg = Debug|x86
		{046AA1F0-60F1-4BF9-9684-74C2E00BC5FD}.Debug|x64.ActiveCfg = Debug|x64
		{046AA1F0-60F1-4BF9-9684-74C2E00BC5FD}.Debug|x64.Build.0 = Debug|x64
		{046AA1F0-60F1-4BF9-9684-74C2E00BC5FD}.Debug|x64.Deploy.0 = Debug|x64
		{046AA1F0-60F1-4BF9-9684-74C2E00BC5FD}.Debug|x86.ActiveCfg = Debug|x86
		{046AA1F0-60F1-4BF9-9684-74C2E00BC5FD}.Debug|x86.Build.0 = Debug|x86
		{046AA1F0-60F1-4BF9-9684-74C2E00BC5FD}.Debug|x86.Deploy.0 = Debug|x86
		{046AA1F0-60F1-4BF9-9684-74C2E00BC5FD}.Release|Any CPU.ActiveCfg = Release|x86
		{046AA1F0-60F1-4BF9-9684-74C2E00BC5FD}.Release|ARM.ActiveCfg = Release|ARM
		{046AA1F0-60F1-4BF9-9684-74C2E00BC5FD}.Release|ARM.Build.0 = Release|ARM
		{046AA1F0-60F1-4BF9-9684-74C2E00BC5FD}.Release|ARM.Deploy.0 = Release|ARM
		{046AA1F0-60F1-4BF9-9684-74C2E00BC5FD}.Release|iPhone.ActiveCfg = Release|x86
		{046AA1F0-60F1-4BF9-9684-74C2E00BC5FD}.Release|iPhoneSimulator.ActiveCfg = Release|x86
		{046AA1F0-60F1-4BF9-9684-74C2E00BC5FD}.Release|x64.ActiveCfg = Release|x64
		{046AA1F0-60F1-4BF9-9684-74C2E00BC5FD}.Release|x64.Build.0 = Release|x64
		{046AA1F0-60F1-4BF9-9684-74C2E00BC5FD}.Release|x64.Deploy.0 = Release|x64
		{046AA1F0-60F1-4BF9-9684-74C2E00BC5FD}.Release|x86.ActiveCfg = Release|x86
		{046AA1F0-60F1-4BF9-9684-74C2E00BC5FD}.Release|x86.Build.0 = Release|x86
		{046AA1F0-60F1-4BF9-9684-74C2E00BC5FD}.Release|x86.Deploy.0 = Release|x86
		{374FC3AF-A82C-4ADC-89EC-234122007C3E}.Ad-Hoc|Any CPU.ActiveCfg = Release|Any CPU
		{374FC3AF-A82C-4ADC-89EC-234122007C3E}.Ad-Hoc|Any CPU.Build.0 = Release|Any CPU
		{374FC3AF-A82C-4ADC-89EC-234122007C3E}.Ad-Hoc|Any CPU.Deploy.0 = Release|Any CPU
		{374FC3AF-A82C-4ADC-89EC-234122007C3E}.Ad-Hoc|ARM.ActiveCfg = Release|ARM
		{374FC3AF-A82C-4ADC-89EC-234122007C3E}.Ad-Hoc|ARM.Build.0 = Release|ARM
		{374FC3AF-A82C-4ADC-89EC-234122007C3E}.Ad-Hoc|ARM.Deploy.0 = Release|ARM
		{374FC3AF-A82C-4ADC-89EC-234122007C3E}.Ad-Hoc|iPhone.ActiveCfg = Release|Any CPU
		{374FC3AF-A82C-4ADC-89EC-234122007C3E}.Ad-Hoc|iPhone.Build.0 = Release|Any CPU
		{374FC3AF-A82C-4ADC-89EC-234122007C3E}.Ad-Hoc|iPhone.Deploy.0 = Release|Any CPU
		{374FC3AF-A82C-4ADC-89EC-234122007C3E}.Ad-Hoc|iPhoneSimulator.ActiveCfg = Release|Any CPU
		{374FC3AF-A82C-4ADC-89EC-234122007C3E}.Ad-Hoc|iPhoneSimulator.Build.0 = Release|Any CPU
		{374FC3AF-A82C-4ADC-89EC-234122007C3E}.Ad-Hoc|iPhoneSimulator.Deploy.0 = Release|Any CPU
		{374FC3AF-A82C-4ADC-89EC-234122007C3E}.Ad-Hoc|x64.ActiveCfg = Release|x64
		{374FC3AF-A82C-4ADC-89EC-234122007C3E}.Ad-Hoc|x64.Build.0 = Release|x64
		{374FC3AF-A82C-4ADC-89EC-234122007C3E}.Ad-Hoc|x64.Deploy.0 = Release|x64
		{374FC3AF-A82C-4ADC-89EC-234122007C3E}.Ad-Hoc|x86.ActiveCfg = Release|x86
		{374FC3AF-A82C-4ADC-89EC-234122007C3E}.Ad-Hoc|x86.Build.0 = Release|x86
		{374FC3AF-A82C-4ADC-89EC-234122007C3E}.Ad-Hoc|x86.Deploy.0 = Release|x86
		{374FC3AF-A82C-4ADC-89EC-234122007C3E}.AppStore|Any CPU.ActiveCfg = Release|Any CPU
		{374FC3AF-A82C-4ADC-89EC-234122007C3E}.AppStore|Any CPU.Build.0 = Release|Any CPU
		{374FC3AF-A82C-4ADC-89EC-234122007C3E}.AppStore|Any CPU.Deploy.0 = Release|Any CPU
		{374FC3AF-A82C-4ADC-89EC-234122007C3E}.AppStore|ARM.ActiveCfg = Release|ARM
		{374FC3AF-A82C-4ADC-89EC-234122007C3E}.AppStore|ARM.Build.0 = Release|ARM
		{374FC3AF-A82C-4ADC-89EC-234122007C3E}.AppStore|ARM.Deploy.0 = Release|ARM
		{374FC3AF-A82C-4ADC-89EC-234122007C3E}.AppStore|iPhone.ActiveCfg = Release|Any CPU
		{374FC3AF-A82C-4ADC-89EC-234122007C3E}.AppStore|iPhone.Build.0 = Release|Any CPU
		{374FC3AF-A82C-4ADC-89EC-234122007C3E}.AppStore|iPhone.Deploy.0 = Release|Any CPU
		{374FC3AF-A82C-4ADC-89EC-234122007C3E}.AppStore|iPhoneSimulator.ActiveCfg = Release|Any CPU
		{374FC3AF-A82C-4ADC-89EC-234122007C3E}.AppStore|iPhoneSimulator.Build.0 = Release|Any CPU
		{374FC3AF-A82C-4ADC-89EC-234122007C3E}.AppStore|iPhoneSimulator.Deploy.0 = Release|Any CPU
		{374FC3AF-A82C-4ADC-89EC-234122007C3E}.AppStore|x64.ActiveCfg = Release|x64
		{374FC3AF-A82C-4ADC-89EC-234122007C3E}.AppStore|x64.Build.0 = Release|x64
		{374FC3AF-A82C-4ADC-89EC-234122007C3E}.AppStore|x64.Deploy.0 = Release|x64
		{374FC3AF-A82C-4ADC-89EC-234122007C3E}.AppStore|x86.ActiveCfg = Release|x86
		{374FC3AF-A82C-4ADC-89EC-234122007C3E}.AppStore|x86.Build.0 = Release|x86
		{374FC3AF-A82C-4ADC-89EC-234122007C3E}.AppStore|x86.Deploy.0 = Release|x86
		{374FC3AF-A82C-4ADC-89EC-234122007C3E}.Debug|Any CPU.ActiveCfg = Debug|Any CPU
		{374FC3AF-A82C-4ADC-89EC-234122007C3E}.Debug|Any CPU.Build.0 = Debug|Any CPU
		{374FC3AF-A82C-4ADC-89EC-234122007C3E}.Debug|Any CPU.Deploy.0 = Debug|Any CPU
		{374FC3AF-A82C-4ADC-89EC-234122007C3E}.Debug|ARM.ActiveCfg = Debug|ARM
		{374FC3AF-A82C-4ADC-89EC-234122007C3E}.Debug|ARM.Build.0 = Debug|ARM
		{374FC3AF-A82C-4ADC-89EC-234122007C3E}.Debug|ARM.Deploy.0 = Debug|ARM
		{374FC3AF-A82C-4ADC-89EC-234122007C3E}.Debug|iPhone.ActiveCfg = Debug|Any CPU
		{374FC3AF-A82C-4ADC-89EC-234122007C3E}.Debug|iPhone.Build.0 = Debug|Any CPU
		{374FC3AF-A82C-4ADC-89EC-234122007C3E}.Debug|iPhone.Deploy.0 = Debug|Any CPU
		{374FC3AF-A82C-4ADC-89EC-234122007C3E}.Debug|iPhoneSimulator.ActiveCfg = Debug|Any CPU
		{374FC3AF-A82C-4ADC-89EC-234122007C3E}.Debug|iPhoneSimulator.Build.0 = Debug|Any CPU
		{374FC3AF-A82C-4ADC-89EC-234122007C3E}.Debug|iPhoneSimulator.Deploy.0 = Debug|Any CPU
		{374FC3AF-A82C-4ADC-89EC-234122007C3E}.Debug|x64.ActiveCfg = Debug|x64
		{374FC3AF-A82C-4ADC-89EC-234122007C3E}.Debug|x64.Build.0 = Debug|x64
		{374FC3AF-A82C-4ADC-89EC-234122007C3E}.Debug|x64.Deploy.0 = Debug|x64
		{374FC3AF-A82C-4ADC-89EC-234122007C3E}.Debug|x86.ActiveCfg = Debug|x86
		{374FC3AF-A82C-4ADC-89EC-234122007C3E}.Debug|x86.Build.0 = Debug|x86
		{374FC3AF-A82C-4ADC-89EC-234122007C3E}.Debug|x86.Deploy.0 = Debug|x86
		{374FC3AF-A82C-4ADC-89EC-234122007C3E}.Release|Any CPU.ActiveCfg = Release|Any CPU
		{374FC3AF-A82C-4ADC-89EC-234122007C3E}.Release|Any CPU.Build.0 = Release|Any CPU
		{374FC3AF-A82C-4ADC-89EC-234122007C3E}.Release|Any CPU.Deploy.0 = Release|Any CPU
		{374FC3AF-A82C-4ADC-89EC-234122007C3E}.Release|ARM.ActiveCfg = Release|ARM
		{374FC3AF-A82C-4ADC-89EC-234122007C3E}.Release|ARM.Build.0 = Release|ARM
		{374FC3AF-A82C-4ADC-89EC-234122007C3E}.Release|ARM.Deploy.0 = Release|ARM
		{374FC3AF-A82C-4ADC-89EC-234122007C3E}.Release|iPhone.ActiveCfg = Release|Any CPU
		{374FC3AF-A82C-4ADC-89EC-234122007C3E}.Release|iPhone.Build.0 = Release|Any CPU
		{374FC3AF-A82C-4ADC-89EC-234122007C3E}.Release|iPhone.Deploy.0 = Release|Any CPU
		{374FC3AF-A82C-4ADC-89EC-234122007C3E}.Release|iPhoneSimulator.ActiveCfg = Release|Any CPU
		{374FC3AF-A82C-4ADC-89EC-234122007C3E}.Release|iPhoneSimulator.Build.0 = Release|Any CPU
		{374FC3AF-A82C-4ADC-89EC-234122007C3E}.Release|iPhoneSimulator.Deploy.0 = Release|Any CPU
		{374FC3AF-A82C-4ADC-89EC-234122007C3E}.Release|x64.ActiveCfg = Release|x64
		{374FC3AF-A82C-4ADC-89EC-234122007C3E}.Release|x64.Build.0 = Release|x64
		{374FC3AF-A82C-4ADC-89EC-234122007C3E}.Release|x64.Deploy.0 = Release|x64
		{374FC3AF-A82C-4ADC-89EC-234122007C3E}.Release|x86.ActiveCfg = Release|x86
		{374FC3AF-A82C-4ADC-89EC-234122007C3E}.Release|x86.Build.0 = Release|x86
		{374FC3AF-A82C-4ADC-89EC-234122007C3E}.Release|x86.Deploy.0 = Release|x86
		{B5813C2F-6D4B-4002-B53C-FBC6F16F1942}.Ad-Hoc|Any CPU.ActiveCfg = Release|Any CPU
		{B5813C2F-6D4B-4002-B53C-FBC6F16F1942}.Ad-Hoc|Any CPU.Build.0 = Release|Any CPU
		{B5813C2F-6D4B-4002-B53C-FBC6F16F1942}.Ad-Hoc|ARM.ActiveCfg = Release|Any CPU
		{B5813C2F-6D4B-4002-B53C-FBC6F16F1942}.Ad-Hoc|ARM.Build.0 = Release|Any CPU
		{B5813C2F-6D4B-4002-B53C-FBC6F16F1942}.Ad-Hoc|iPhone.ActiveCfg = Release|Any CPU
		{B5813C2F-6D4B-4002-B53C-FBC6F16F1942}.Ad-Hoc|iPhone.Build.0 = Release|Any CPU
		{B5813C2F-6D4B-4002-B53C-FBC6F16F1942}.Ad-Hoc|iPhoneSimulator.ActiveCfg = Release|Any CPU
		{B5813C2F-6D4B-4002-B53C-FBC6F16F1942}.Ad-Hoc|iPhoneSimulator.Build.0 = Release|Any CPU
		{B5813C2F-6D4B-4002-B53C-FBC6F16F1942}.Ad-Hoc|x64.ActiveCfg = Release|Any CPU
		{B5813C2F-6D4B-4002-B53C-FBC6F16F1942}.Ad-Hoc|x64.Build.0 = Release|Any CPU
		{B5813C2F-6D4B-4002-B53C-FBC6F16F1942}.Ad-Hoc|x86.ActiveCfg = Release|Any CPU
		{B5813C2F-6D4B-4002-B53C-FBC6F16F1942}.Ad-Hoc|x86.Build.0 = Release|Any CPU
		{B5813C2F-6D4B-4002-B53C-FBC6F16F1942}.AppStore|Any CPU.ActiveCfg = Release|Any CPU
		{B5813C2F-6D4B-4002-B53C-FBC6F16F1942}.AppStore|Any CPU.Build.0 = Release|Any CPU
		{B5813C2F-6D4B-4002-B53C-FBC6F16F1942}.AppStore|ARM.ActiveCfg = Release|Any CPU
		{B5813C2F-6D4B-4002-B53C-FBC6F16F1942}.AppStore|ARM.Build.0 = Release|Any CPU
		{B5813C2F-6D4B-4002-B53C-FBC6F16F1942}.AppStore|iPhone.ActiveCfg = Release|Any CPU
		{B5813C2F-6D4B-4002-B53C-FBC6F16F1942}.AppStore|iPhone.Build.0 = Release|Any CPU
		{B5813C2F-6D4B-4002-B53C-FBC6F16F1942}.AppStore|iPhoneSimulator.ActiveCfg = Release|Any CPU
		{B5813C2F-6D4B-4002-B53C-FBC6F16F1942}.AppStore|iPhoneSimulator.Build.0 = Release|Any CPU
		{B5813C2F-6D4B-4002-B53C-FBC6F16F1942}.AppStore|x64.ActiveCfg = Release|Any CPU
		{B5813C2F-6D4B-4002-B53C-FBC6F16F1942}.AppStore|x64.Build.0 = Release|Any CPU
		{B5813C2F-6D4B-4002-B53C-FBC6F16F1942}.AppStore|x86.ActiveCfg = Release|Any CPU
		{B5813C2F-6D4B-4002-B53C-FBC6F16F1942}.AppStore|x86.Build.0 = Release|Any CPU
		{B5813C2F-6D4B-4002-B53C-FBC6F16F1942}.Debug|Any CPU.ActiveCfg = Debug|Any CPU
		{B5813C2F-6D4B-4002-B53C-FBC6F16F1942}.Debug|Any CPU.Build.0 = Debug|Any CPU
		{B5813C2F-6D4B-4002-B53C-FBC6F16F1942}.Debug|ARM.ActiveCfg = Debug|Any CPU
		{B5813C2F-6D4B-4002-B53C-FBC6F16F1942}.Debug|ARM.Build.0 = Debug|Any CPU
		{B5813C2F-6D4B-4002-B53C-FBC6F16F1942}.Debug|iPhone.ActiveCfg = Debug|Any CPU
		{B5813C2F-6D4B-4002-B53C-FBC6F16F1942}.Debug|iPhone.Build.0 = Debug|Any CPU
		{B5813C2F-6D4B-4002-B53C-FBC6F16F1942}.Debug|iPhoneSimulator.ActiveCfg = Debug|Any CPU
		{B5813C2F-6D4B-4002-B53C-FBC6F16F1942}.Debug|iPhoneSimulator.Build.0 = Debug|Any CPU
		{B5813C2F-6D4B-4002-B53C-FBC6F16F1942}.Debug|x64.ActiveCfg = Debug|Any CPU
		{B5813C2F-6D4B-4002-B53C-FBC6F16F1942}.Debug|x64.Build.0 = Debug|Any CPU
		{B5813C2F-6D4B-4002-B53C-FBC6F16F1942}.Debug|x86.ActiveCfg = Debug|Any CPU
		{B5813C2F-6D4B-4002-B53C-FBC6F16F1942}.Debug|x86.Build.0 = Debug|Any CPU
		{B5813C2F-6D4B-4002-B53C-FBC6F16F1942}.Release|Any CPU.ActiveCfg = Release|Any CPU
		{B5813C2F-6D4B-4002-B53C-FBC6F16F1942}.Release|Any CPU.Build.0 = Release|Any CPU
		{B5813C2F-6D4B-4002-B53C-FBC6F16F1942}.Release|ARM.ActiveCfg = Release|Any CPU
		{B5813C2F-6D4B-4002-B53C-FBC6F16F1942}.Release|ARM.Build.0 = Release|Any CPU
		{B5813C2F-6D4B-4002-B53C-FBC6F16F1942}.Release|iPhone.ActiveCfg = Release|Any CPU
		{B5813C2F-6D4B-4002-B53C-FBC6F16F1942}.Release|iPhone.Build.0 = Release|Any CPU
		{B5813C2F-6D4B-4002-B53C-FBC6F16F1942}.Release|iPhoneSimulator.ActiveCfg = Release|Any CPU
		{B5813C2F-6D4B-4002-B53C-FBC6F16F1942}.Release|iPhoneSimulator.Build.0 = Release|Any CPU
		{B5813C2F-6D4B-4002-B53C-FBC6F16F1942}.Release|x64.ActiveCfg = Release|Any CPU
		{B5813C2F-6D4B-4002-B53C-FBC6F16F1942}.Release|x64.Build.0 = Release|Any CPU
		{B5813C2F-6D4B-4002-B53C-FBC6F16F1942}.Release|x86.ActiveCfg = Release|Any CPU
		{B5813C2F-6D4B-4002-B53C-FBC6F16F1942}.Release|x86.Build.0 = Release|Any CPU
		{FA0E1225-EFC0-4CE4-BF60-93EC6D6892DA}.Ad-Hoc|Any CPU.ActiveCfg = Release|Any CPU
		{FA0E1225-EFC0-4CE4-BF60-93EC6D6892DA}.Ad-Hoc|Any CPU.Build.0 = Release|Any CPU
		{FA0E1225-EFC0-4CE4-BF60-93EC6D6892DA}.Ad-Hoc|ARM.ActiveCfg = Release|Any CPU
		{FA0E1225-EFC0-4CE4-BF60-93EC6D6892DA}.Ad-Hoc|ARM.Build.0 = Release|Any CPU
		{FA0E1225-EFC0-4CE4-BF60-93EC6D6892DA}.Ad-Hoc|iPhone.ActiveCfg = Release|Any CPU
		{FA0E1225-EFC0-4CE4-BF60-93EC6D6892DA}.Ad-Hoc|iPhone.Build.0 = Release|Any CPU
		{FA0E1225-EFC0-4CE4-BF60-93EC6D6892DA}.Ad-Hoc|iPhoneSimulator.ActiveCfg = Release|Any CPU
		{FA0E1225-EFC0-4CE4-BF60-93EC6D6892DA}.Ad-Hoc|iPhoneSimulator.Build.0 = Release|Any CPU
		{FA0E1225-EFC0-4CE4-BF60-93EC6D6892DA}.Ad-Hoc|x64.ActiveCfg = Release|Any CPU
		{FA0E1225-EFC0-4CE4-BF60-93EC6D6892DA}.Ad-Hoc|x64.Build.0 = Release|Any CPU
		{FA0E1225-EFC0-4CE4-BF60-93EC6D6892DA}.Ad-Hoc|x86.ActiveCfg = Release|Any CPU
		{FA0E1225-EFC0-4CE4-BF60-93EC6D6892DA}.Ad-Hoc|x86.Build.0 = Release|Any CPU
		{FA0E1225-EFC0-4CE4-BF60-93EC6D6892DA}.AppStore|Any CPU.ActiveCfg = Release|Any CPU
		{FA0E1225-EFC0-4CE4-BF60-93EC6D6892DA}.AppStore|Any CPU.Build.0 = Release|Any CPU
		{FA0E1225-EFC0-4CE4-BF60-93EC6D6892DA}.AppStore|ARM.ActiveCfg = Release|Any CPU
		{FA0E1225-EFC0-4CE4-BF60-93EC6D6892DA}.AppStore|ARM.Build.0 = Release|Any CPU
		{FA0E1225-EFC0-4CE4-BF60-93EC6D6892DA}.AppStore|iPhone.ActiveCfg = Release|Any CPU
		{FA0E1225-EFC0-4CE4-BF60-93EC6D6892DA}.AppStore|iPhone.Build.0 = Release|Any CPU
		{FA0E1225-EFC0-4CE4-BF60-93EC6D6892DA}.AppStore|iPhoneSimulator.ActiveCfg = Release|Any CPU
		{FA0E1225-EFC0-4CE4-BF60-93EC6D6892DA}.AppStore|iPhoneSimulator.Build.0 = Release|Any CPU
		{FA0E1225-EFC0-4CE4-BF60-93EC6D6892DA}.AppStore|x64.ActiveCfg = Release|Any CPU
		{FA0E1225-EFC0-4CE4-BF60-93EC6D6892DA}.AppStore|x64.Build.0 = Release|Any CPU
		{FA0E1225-EFC0-4CE4-BF60-93EC6D6892DA}.AppStore|x86.ActiveCfg = Release|Any CPU
		{FA0E1225-EFC0-4CE4-BF60-93EC6D6892DA}.AppStore|x86.Build.0 = Release|Any CPU
		{FA0E1225-EFC0-4CE4-BF60-93EC6D6892DA}.Debug|Any CPU.ActiveCfg = Debug|Any CPU
		{FA0E1225-EFC0-4CE4-BF60-93EC6D6892DA}.Debug|Any CPU.Build.0 = Debug|Any CPU
		{FA0E1225-EFC0-4CE4-BF60-93EC6D6892DA}.Debug|ARM.ActiveCfg = Debug|Any CPU
		{FA0E1225-EFC0-4CE4-BF60-93EC6D6892DA}.Debug|ARM.Build.0 = Debug|Any CPU
		{FA0E1225-EFC0-4CE4-BF60-93EC6D6892DA}.Debug|iPhone.ActiveCfg = Debug|Any CPU
		{FA0E1225-EFC0-4CE4-BF60-93EC6D6892DA}.Debug|iPhone.Build.0 = Debug|Any CPU
		{FA0E1225-EFC0-4CE4-BF60-93EC6D6892DA}.Debug|iPhoneSimulator.ActiveCfg = Debug|Any CPU
		{FA0E1225-EFC0-4CE4-BF60-93EC6D6892DA}.Debug|iPhoneSimulator.Build.0 = Debug|Any CPU
		{FA0E1225-EFC0-4CE4-BF60-93EC6D6892DA}.Debug|x64.ActiveCfg = Debug|Any CPU
		{FA0E1225-EFC0-4CE4-BF60-93EC6D6892DA}.Debug|x64.Build.0 = Debug|Any CPU
		{FA0E1225-EFC0-4CE4-BF60-93EC6D6892DA}.Debug|x86.ActiveCfg = Debug|Any CPU
		{FA0E1225-EFC0-4CE4-BF60-93EC6D6892DA}.Debug|x86.Build.0 = Debug|Any CPU
		{FA0E1225-EFC0-4CE4-BF60-93EC6D6892DA}.Release|Any CPU.ActiveCfg = Release|Any CPU
		{FA0E1225-EFC0-4CE4-BF60-93EC6D6892DA}.Release|Any CPU.Build.0 = Release|Any CPU
		{FA0E1225-EFC0-4CE4-BF60-93EC6D6892DA}.Release|ARM.ActiveCfg = Release|Any CPU
		{FA0E1225-EFC0-4CE4-BF60-93EC6D6892DA}.Release|ARM.Build.0 = Release|Any CPU
		{FA0E1225-EFC0-4CE4-BF60-93EC6D6892DA}.Release|iPhone.ActiveCfg = Release|Any CPU
		{FA0E1225-EFC0-4CE4-BF60-93EC6D6892DA}.Release|iPhone.Build.0 = Release|Any CPU
		{FA0E1225-EFC0-4CE4-BF60-93EC6D6892DA}.Release|iPhoneSimulator.ActiveCfg = Release|Any CPU
		{FA0E1225-EFC0-4CE4-BF60-93EC6D6892DA}.Release|iPhoneSimulator.Build.0 = Release|Any CPU
		{FA0E1225-EFC0-4CE4-BF60-93EC6D6892DA}.Release|x64.ActiveCfg = Release|Any CPU
		{FA0E1225-EFC0-4CE4-BF60-93EC6D6892DA}.Release|x64.Build.0 = Release|Any CPU
		{FA0E1225-EFC0-4CE4-BF60-93EC6D6892DA}.Release|x86.ActiveCfg = Release|Any CPU
		{FA0E1225-EFC0-4CE4-BF60-93EC6D6892DA}.Release|x86.Build.0 = Release|Any CPU
		{3BA26BA0-9DD5-48C7-B94F-18759B1F378C}.Ad-Hoc|Any CPU.ActiveCfg = Release|Any CPU
		{3BA26BA0-9DD5-48C7-B94F-18759B1F378C}.Ad-Hoc|Any CPU.Build.0 = Release|Any CPU
		{3BA26BA0-9DD5-48C7-B94F-18759B1F378C}.Ad-Hoc|ARM.ActiveCfg = Release|Any CPU
		{3BA26BA0-9DD5-48C7-B94F-18759B1F378C}.Ad-Hoc|ARM.Build.0 = Release|Any CPU
		{3BA26BA0-9DD5-48C7-B94F-18759B1F378C}.Ad-Hoc|iPhone.ActiveCfg = Release|Any CPU
		{3BA26BA0-9DD5-48C7-B94F-18759B1F378C}.Ad-Hoc|iPhone.Build.0 = Release|Any CPU
		{3BA26BA0-9DD5-48C7-B94F-18759B1F378C}.Ad-Hoc|iPhoneSimulator.ActiveCfg = Release|Any CPU
		{3BA26BA0-9DD5-48C7-B94F-18759B1F378C}.Ad-Hoc|iPhoneSimulator.Build.0 = Release|Any CPU
		{3BA26BA0-9DD5-48C7-B94F-18759B1F378C}.Ad-Hoc|x64.ActiveCfg = Release|Any CPU
		{3BA26BA0-9DD5-48C7-B94F-18759B1F378C}.Ad-Hoc|x64.Build.0 = Release|Any CPU
		{3BA26BA0-9DD5-48C7-B94F-18759B1F378C}.Ad-Hoc|x86.ActiveCfg = Release|Any CPU
		{3BA26BA0-9DD5-48C7-B94F-18759B1F378C}.Ad-Hoc|x86.Build.0 = Release|Any CPU
		{3BA26BA0-9DD5-48C7-B94F-18759B1F378C}.AppStore|Any CPU.ActiveCfg = Release|Any CPU
		{3BA26BA0-9DD5-48C7-B94F-18759B1F378C}.AppStore|Any CPU.Build.0 = Release|Any CPU
		{3BA26BA0-9DD5-48C7-B94F-18759B1F378C}.AppStore|ARM.ActiveCfg = Release|Any CPU
		{3BA26BA0-9DD5-48C7-B94F-18759B1F378C}.AppStore|ARM.Build.0 = Release|Any CPU
		{3BA26BA0-9DD5-48C7-B94F-18759B1F378C}.AppStore|iPhone.ActiveCfg = Release|Any CPU
		{3BA26BA0-9DD5-48C7-B94F-18759B1F378C}.AppStore|iPhone.Build.0 = Release|Any CPU
		{3BA26BA0-9DD5-48C7-B94F-18759B1F378C}.AppStore|iPhoneSimulator.ActiveCfg = Release|Any CPU
		{3BA26BA0-9DD5-48C7-B94F-18759B1F378C}.AppStore|iPhoneSimulator.Build.0 = Release|Any CPU
		{3BA26BA0-9DD5-48C7-B94F-18759B1F378C}.AppStore|x64.ActiveCfg = Release|Any CPU
		{3BA26BA0-9DD5-48C7-B94F-18759B1F378C}.AppStore|x64.Build.0 = Release|Any CPU
		{3BA26BA0-9DD5-48C7-B94F-18759B1F378C}.AppStore|x86.ActiveCfg = Release|Any CPU
		{3BA26BA0-9DD5-48C7-B94F-18759B1F378C}.AppStore|x86.Build.0 = Release|Any CPU
		{3BA26BA0-9DD5-48C7-B94F-18759B1F378C}.Debug|Any CPU.ActiveCfg = Debug|Any CPU
		{3BA26BA0-9DD5-48C7-B94F-18759B1F378C}.Debug|Any CPU.Build.0 = Debug|Any CPU
		{3BA26BA0-9DD5-48C7-B94F-18759B1F378C}.Debug|ARM.ActiveCfg = Debug|Any CPU
		{3BA26BA0-9DD5-48C7-B94F-18759B1F378C}.Debug|ARM.Build.0 = Debug|Any CPU
		{3BA26BA0-9DD5-48C7-B94F-18759B1F378C}.Debug|iPhone.ActiveCfg = Debug|Any CPU
		{3BA26BA0-9DD5-48C7-B94F-18759B1F378C}.Debug|iPhone.Build.0 = Debug|Any CPU
		{3BA26BA0-9DD5-48C7-B94F-18759B1F378C}.Debug|iPhoneSimulator.ActiveCfg = Debug|Any CPU
		{3BA26BA0-9DD5-48C7-B94F-18759B1F378C}.Debug|iPhoneSimulator.Build.0 = Debug|Any CPU
		{3BA26BA0-9DD5-48C7-B94F-18759B1F378C}.Debug|x64.ActiveCfg = Debug|Any CPU
		{3BA26BA0-9DD5-48C7-B94F-18759B1F378C}.Debug|x64.Build.0 = Debug|Any CPU
		{3BA26BA0-9DD5-48C7-B94F-18759B1F378C}.Debug|x86.ActiveCfg = Debug|Any CPU
		{3BA26BA0-9DD5-48C7-B94F-18759B1F378C}.Debug|x86.Build.0 = Debug|Any CPU
		{3BA26BA0-9DD5-48C7-B94F-18759B1F378C}.Release|Any CPU.ActiveCfg = Release|Any CPU
		{3BA26BA0-9DD5-48C7-B94F-18759B1F378C}.Release|Any CPU.Build.0 = Release|Any CPU
		{3BA26BA0-9DD5-48C7-B94F-18759B1F378C}.Release|ARM.ActiveCfg = Release|Any CPU
		{3BA26BA0-9DD5-48C7-B94F-18759B1F378C}.Release|ARM.Build.0 = Release|Any CPU
		{3BA26BA0-9DD5-48C7-B94F-18759B1F378C}.Release|iPhone.ActiveCfg = Release|Any CPU
		{3BA26BA0-9DD5-48C7-B94F-18759B1F378C}.Release|iPhone.Build.0 = Release|Any CPU
		{3BA26BA0-9DD5-48C7-B94F-18759B1F378C}.Release|iPhoneSimulator.ActiveCfg = Release|Any CPU
		{3BA26BA0-9DD5-48C7-B94F-18759B1F378C}.Release|iPhoneSimulator.Build.0 = Release|Any CPU
		{3BA26BA0-9DD5-48C7-B94F-18759B1F378C}.Release|x64.ActiveCfg = Release|Any CPU
		{3BA26BA0-9DD5-48C7-B94F-18759B1F378C}.Release|x64.Build.0 = Release|Any CPU
		{3BA26BA0-9DD5-48C7-B94F-18759B1F378C}.Release|x86.ActiveCfg = Release|Any CPU
		{3BA26BA0-9DD5-48C7-B94F-18759B1F378C}.Release|x86.Build.0 = Release|Any CPU
		{81668B17-FC9C-4A72-BCBF-BC253A52719A}.Ad-Hoc|Any CPU.ActiveCfg = Release|Any CPU
		{81668B17-FC9C-4A72-BCBF-BC253A52719A}.Ad-Hoc|Any CPU.Build.0 = Release|Any CPU
		{81668B17-FC9C-4A72-BCBF-BC253A52719A}.Ad-Hoc|ARM.ActiveCfg = Release|Any CPU
		{81668B17-FC9C-4A72-BCBF-BC253A52719A}.Ad-Hoc|ARM.Build.0 = Release|Any CPU
		{81668B17-FC9C-4A72-BCBF-BC253A52719A}.Ad-Hoc|iPhone.ActiveCfg = Release|Any CPU
		{81668B17-FC9C-4A72-BCBF-BC253A52719A}.Ad-Hoc|iPhone.Build.0 = Release|Any CPU
		{81668B17-FC9C-4A72-BCBF-BC253A52719A}.Ad-Hoc|iPhoneSimulator.ActiveCfg = Release|Any CPU
		{81668B17-FC9C-4A72-BCBF-BC253A52719A}.Ad-Hoc|iPhoneSimulator.Build.0 = Release|Any CPU
		{81668B17-FC9C-4A72-BCBF-BC253A52719A}.Ad-Hoc|x64.ActiveCfg = Release|Any CPU
		{81668B17-FC9C-4A72-BCBF-BC253A52719A}.Ad-Hoc|x64.Build.0 = Release|Any CPU
		{81668B17-FC9C-4A72-BCBF-BC253A52719A}.Ad-Hoc|x86.ActiveCfg = Release|Any CPU
		{81668B17-FC9C-4A72-BCBF-BC253A52719A}.Ad-Hoc|x86.Build.0 = Release|Any CPU
		{81668B17-FC9C-4A72-BCBF-BC253A52719A}.AppStore|Any CPU.ActiveCfg = Release|Any CPU
		{81668B17-FC9C-4A72-BCBF-BC253A52719A}.AppStore|Any CPU.Build.0 = Release|Any CPU
		{81668B17-FC9C-4A72-BCBF-BC253A52719A}.AppStore|ARM.ActiveCfg = Release|Any CPU
		{81668B17-FC9C-4A72-BCBF-BC253A52719A}.AppStore|ARM.Build.0 = Release|Any CPU
		{81668B17-FC9C-4A72-BCBF-BC253A52719A}.AppStore|iPhone.ActiveCfg = Release|Any CPU
		{81668B17-FC9C-4A72-BCBF-BC253A52719A}.AppStore|iPhone.Build.0 = Release|Any CPU
		{81668B17-FC9C-4A72-BCBF-BC253A52719A}.AppStore|iPhoneSimulator.ActiveCfg = Release|Any CPU
		{81668B17-FC9C-4A72-BCBF-BC253A52719A}.AppStore|iPhoneSimulator.Build.0 = Release|Any CPU
		{81668B17-FC9C-4A72-BCBF-BC253A52719A}.AppStore|x64.ActiveCfg = Release|Any CPU
		{81668B17-FC9C-4A72-BCBF-BC253A52719A}.AppStore|x64.Build.0 = Release|Any CPU
		{81668B17-FC9C-4A72-BCBF-BC253A52719A}.AppStore|x86.ActiveCfg = Release|Any CPU
		{81668B17-FC9C-4A72-BCBF-BC253A52719A}.AppStore|x86.Build.0 = Release|Any CPU
		{81668B17-FC9C-4A72-BCBF-BC253A52719A}.Debug|Any CPU.ActiveCfg = Debug|Any CPU
		{81668B17-FC9C-4A72-BCBF-BC253A52719A}.Debug|Any CPU.Build.0 = Debug|Any CPU
		{81668B17-FC9C-4A72-BCBF-BC253A52719A}.Debug|ARM.ActiveCfg = Debug|Any CPU
		{81668B17-FC9C-4A72-BCBF-BC253A52719A}.Debug|ARM.Build.0 = Debug|Any CPU
		{81668B17-FC9C-4A72-BCBF-BC253A52719A}.Debug|iPhone.ActiveCfg = Debug|Any CPU
		{81668B17-FC9C-4A72-BCBF-BC253A52719A}.Debug|iPhone.Build.0 = Debug|Any CPU
		{81668B17-FC9C-4A72-BCBF-BC253A52719A}.Debug|iPhoneSimulator.ActiveCfg = Debug|Any CPU
		{81668B17-FC9C-4A72-BCBF-BC253A52719A}.Debug|iPhoneSimulator.Build.0 = Debug|Any CPU
		{81668B17-FC9C-4A72-BCBF-BC253A52719A}.Debug|x64.ActiveCfg = Debug|Any CPU
		{81668B17-FC9C-4A72-BCBF-BC253A52719A}.Debug|x64.Build.0 = Debug|Any CPU
		{81668B17-FC9C-4A72-BCBF-BC253A52719A}.Debug|x86.ActiveCfg = Debug|Any CPU
		{81668B17-FC9C-4A72-BCBF-BC253A52719A}.Debug|x86.Build.0 = Debug|Any CPU
		{81668B17-FC9C-4A72-BCBF-BC253A52719A}.Release|Any CPU.ActiveCfg = Release|Any CPU
		{81668B17-FC9C-4A72-BCBF-BC253A52719A}.Release|Any CPU.Build.0 = Release|Any CPU
		{81668B17-FC9C-4A72-BCBF-BC253A52719A}.Release|ARM.ActiveCfg = Release|Any CPU
		{81668B17-FC9C-4A72-BCBF-BC253A52719A}.Release|ARM.Build.0 = Release|Any CPU
		{81668B17-FC9C-4A72-BCBF-BC253A52719A}.Release|iPhone.ActiveCfg = Release|Any CPU
		{81668B17-FC9C-4A72-BCBF-BC253A52719A}.Release|iPhone.Build.0 = Release|Any CPU
		{81668B17-FC9C-4A72-BCBF-BC253A52719A}.Release|iPhoneSimulator.ActiveCfg = Release|Any CPU
		{81668B17-FC9C-4A72-BCBF-BC253A52719A}.Release|iPhoneSimulator.Build.0 = Release|Any CPU
		{81668B17-FC9C-4A72-BCBF-BC253A52719A}.Release|x64.ActiveCfg = Release|Any CPU
		{81668B17-FC9C-4A72-BCBF-BC253A52719A}.Release|x64.Build.0 = Release|Any CPU
		{81668B17-FC9C-4A72-BCBF-BC253A52719A}.Release|x86.ActiveCfg = Release|Any CPU
		{81668B17-FC9C-4A72-BCBF-BC253A52719A}.Release|x86.Build.0 = Release|Any CPU
	EndGlobalSection
	GlobalSection(SolutionProperties) = preSolution
		HideSolutionNode = FALSE
	EndGlobalSection
	GlobalSection(NestedProjects) = preSolution
		{F3E40954-D6CF-4E15-AF28-F210C2FC8EDE} = {7D796128-4B47-40F1-A5E2-C5FDEDAC3C22}
		{8A22BE05-B345-4F31-B649-A7E17F4357A2} = {FC59D83F-03C1-4F68-B4FD-7F905B5BB29A}
		{E086C8CF-E6DF-4392-9DCA-5BCE40C51F80} = {FC59D83F-03C1-4F68-B4FD-7F905B5BB29A}
		{BDE21399-EF00-4D2B-9617-FE3E46FCF1DB} = {FC59D83F-03C1-4F68-B4FD-7F905B5BB29A}
		{046AA1F0-60F1-4BF9-9684-74C2E00BC5FD} = {FC59D83F-03C1-4F68-B4FD-7F905B5BB29A}
		{374FC3AF-A82C-4ADC-89EC-234122007C3E} = {FC59D83F-03C1-4F68-B4FD-7F905B5BB29A}
		{B5813C2F-6D4B-4002-B53C-FBC6F16F1942} = {FC59D83F-03C1-4F68-B4FD-7F905B5BB29A}
		{FA0E1225-EFC0-4CE4-BF60-93EC6D6892DA} = {7D796128-4B47-40F1-A5E2-C5FDEDAC3C22}
		{3BA26BA0-9DD5-48C7-B94F-18759B1F378C} = {7D796128-4B47-40F1-A5E2-C5FDEDAC3C22}
		{1F9AB576-2E8A-4B41-9ACA-66E2F80E67EA} = {7D796128-4B47-40F1-A5E2-C5FDEDAC3C22}
		{81668B17-FC9C-4A72-BCBF-BC253A52719A} = {46D9A97F-6334-41AA-ADD1-0A7DFFEA0986}
	EndGlobalSection
EndGlobal
